<?xml version="1.0" encoding="utf-8"?>
<Project ToolsVersion="4.0" xmlns="http://schemas.microsoft.com/developer/msbuild/2003">
  <ItemGroup>
    <Filter Include="Source Files">
      <UniqueIdentifier>{4FC737F1-C7A5-4376-A066-2A32D752A2FF}</UniqueIdentifier>
      <Extensions>cpp;c;cc;cxx;def;odl;idl;hpj;bat;asm;asmx</Extensions>
    </Filter>
    <Filter Include="Source Files\Lib">
      <UniqueIdentifier>{9bd389ef-b9ac-483d-b99b-ad2a88ec79bd}</UniqueIdentifier>
    </Filter>
    <Filter Include="Source Files\zlib">
      <UniqueIdentifier>{ad2ea9bb-605e-489a-b92a-f93cd55d1b19}</UniqueIdentifier>
    </Filter>
    <Filter Include="Header Files">
      <UniqueIdentifier>{93995380-89BD-4b04-88EB-625FBE52EBFB}</UniqueIdentifier>
      <Extensions>h;hpp;hxx;hm;inl;inc;xsd</Extensions>
    </Filter>
    <Filter Include="Resource Files">
      <UniqueIdentifier>{67DA6AB6-F800-4c08-8B7A-83BB121AAD01}</UniqueIdentifier>
      <Extensions>rc;ico;cur;bmp;dlg;rc2;rct;bin;rgs;gif;jpg;jpeg;jpe;resx;tiff;tif;png;wav</Extensions>
    </Filter>
    <Filter Include="Header Files\Lib">
      <UniqueIdentifier>{33df210a-307a-42e2-aea1-4ebc7857e5ed}</UniqueIdentifier>
    </Filter>
    <Filter Include="NovaClientPacker">
      <UniqueIdentifier>{e9fb8a7a-6dd9-4412-a775-18a41b03bad7}</UniqueIdentifier>
    </Filter>
  </ItemGroup>
  <ItemGroup>
    <ClCompile Include="Console.cpp">
      <Filter>Source Files</Filter>
    </ClCompile>
    <ClCompile Include="DLLMain.cpp">
      <Filter>Source Files</Filter>
    </ClCompile>
    <ClCompile Include="Fear.cpp">
      <Filter>Source Files</Filter>
    </ClCompile>
    <ClCompile Include="FileSystem.cpp">
      <Filter>Source Files</Filter>
    </ClCompile>
    <ClCompile Include="Font.cpp">
      <Filter>Source Files</Filter>
    </ClCompile>
    <ClCompile Include="FontManager.cpp">
      <Filter>Source Files</Filter>
    </ClCompile>
    <ClCompile Include="Loader.cpp">
      <Filter>Source Files</Filter>
    </ClCompile>
    <ClCompile Include="MS_Stub.cpp">
      <Filter>Source Files</Filter>
    </ClCompile>
    <ClCompile Include="OpenGL.cpp">
      <Filter>Source Files</Filter>
    </ClCompile>
    <ClCompile Include="PlayGui.cpp">
      <Filter>Source Files</Filter>
    </ClCompile>
    <ClCompile Include="Replacer.cpp">
      <Filter>Source Files</Filter>
    </ClCompile>
    <ClCompile Include="ScriptGL.cpp">
      <Filter>Source Files</Filter>
    </ClCompile>
    <ClCompile Include="StringFunctions.cpp">
      <Filter>Source Files</Filter>
    </ClCompile>
    <ClCompile Include="Terrain.cpp">
      <Filter>Source Files</Filter>
    </ClCompile>
    <ClCompile Include="Texture.cpp">
      <Filter>Source Files</Filter>
    </ClCompile>
    <ClCompile Include="VistaFix.cpp">
      <Filter>Source Files</Filter>
    </ClCompile>
    <ClCompile Include="Lib\Callback.cpp">
      <Filter>Source Files\Lib</Filter>
    </ClCompile>
    <ClCompile Include="Lib\Hash.cpp">
      <Filter>Source Files\Lib</Filter>
    </ClCompile>
    <ClCompile Include="Lib\StringConversions.cpp">
      <Filter>Source Files\Lib</Filter>
    </ClCompile>
    <ClCompile Include="Lib\Strings.cpp">
      <Filter>Source Files\Lib</Filter>
    </ClCompile>
    <ClCompile Include="zlib\adler32.c">
      <Filter>Source Files\zlib</Filter>
    </ClCompile>
    <ClCompile Include="zlib\compress.c">
      <Filter>Source Files\zlib</Filter>
    </ClCompile>
    <ClCompile Include="zlib\crc32.c">
      <Filter>Source Files\zlib</Filter>
    </ClCompile>
    <ClCompile Include="zlib\deflate.c">
      <Filter>Source Files\zlib</Filter>
    </ClCompile>
    <ClCompile Include="zlib\infback.c">
      <Filter>Source Files\zlib</Filter>
    </ClCompile>
    <ClCompile Include="zlib\inffast.c">
      <Filter>Source Files\zlib</Filter>
    </ClCompile>
    <ClCompile Include="zlib\inflate.c">
      <Filter>Source Files\zlib</Filter>
    </ClCompile>
    <ClCompile Include="zlib\inftrees.c">
      <Filter>Source Files\zlib</Filter>
    </ClCompile>
    <ClCompile Include="zlib\ioapi.c">
      <Filter>Source Files\zlib</Filter>
    </ClCompile>
    <ClCompile Include="zlib\iowin32.c">
      <Filter>Source Files\zlib</Filter>
    </ClCompile>
    <ClCompile Include="zlib\trees.c">
      <Filter>Source Files\zlib</Filter>
    </ClCompile>
    <ClCompile Include="zlib\uncompr.c">
      <Filter>Source Files\zlib</Filter>
    </ClCompile>
    <ClCompile Include="zlib\unzip.c">
      <Filter>Source Files\zlib</Filter>
    </ClCompile>
    <ClCompile Include="zlib\zip.c">
      <Filter>Source Files\zlib</Filter>
    </ClCompile>
    <ClCompile Include="zlib\zutil.c">
      <Filter>Source Files\zlib</Filter>
    </ClCompile>
    <ClCompile Include="VersionSnoop.cpp">
      <Filter>Source Files</Filter>
    </ClCompile>
    <ClCompile Include="License.cpp">
      <Filter>Source Files</Filter>
    </ClCompile>
    <ClCompile Include="OpenGL_Pointers.cpp">
      <Filter>Source Files</Filter>
    </ClCompile>
    <ClCompile Include="Modloader.cpp">
      <Filter>Source Files</Filter>
    </ClCompile>
    <ClCompile Include="ExeFixes.cpp">
      <Filter>Source Files</Filter>
    </ClCompile>
    <ClCompile Include="CliServDatManagement.cpp">
      <Filter>Source Files</Filter>
    </ClCompile>
    <ClCompile Include="HudScaling.cpp">
      <Filter>Source Files</Filter>
    </ClCompile>
    <ClCompile Include="GlideLib.cpp">
      <Filter>Source Files</Filter>
    </ClCompile>
    <ClCompile Include="OpenGLFixes.cpp">
      <Filter>Source Files</Filter>
    </ClCompile>
    <ClCompile Include="Events.cpp">
      <Filter>Source Files</Filter>
    </ClCompile>
    <ClCompile Include="Intercepts.cpp">
      <Filter>Source Files</Filter>
    </ClCompile>
    <ClCompile Include="ExtSimObjectProperties.cpp">
      <Filter>Source Files</Filter>
    </ClCompile>
    <ClCompile Include="NovaCore.cpp">
      <Filter>Source Files</Filter>
    </ClCompile>
    <ClCompile Include="IsBadMemPtr.c">
      <Filter>Source Files</Filter>
    </ClCompile>
    <ClCompile Include="FileDownloads.cpp">
      <Filter>Source Files</Filter>
    </ClCompile>
  </ItemGroup>
  <ItemGroup>
    <ClInclude Include="zlib\crc32.h">
      <Filter>Source Files\zlib</Filter>
    </ClInclude>
    <ClInclude Include="zlib\crypt.h">
      <Filter>Source Files\zlib</Filter>
    </ClInclude>
    <ClInclude Include="zlib\deflate.h">
      <Filter>Source Files\zlib</Filter>
    </ClInclude>
    <ClInclude Include="zlib\inffast.h">
      <Filter>Source Files\zlib</Filter>
    </ClInclude>
    <ClInclude Include="zlib\inffixed.h">
      <Filter>Source Files\zlib</Filter>
    </ClInclude>
    <ClInclude Include="zlib\inflate.h">
      <Filter>Source Files\zlib</Filter>
    </ClInclude>
    <ClInclude Include="zlib\inftrees.h">
      <Filter>Source Files\zlib</Filter>
    </ClInclude>
    <ClInclude Include="zlib\ioapi.h">
      <Filter>Source Files\zlib</Filter>
    </ClInclude>
    <ClInclude Include="zlib\iowin32.h">
      <Filter>Source Files\zlib</Filter>
    </ClInclude>
    <ClInclude Include="zlib\trees.h">
      <Filter>Source Files\zlib</Filter>
    </ClInclude>
    <ClInclude Include="zlib\unzip.h">
      <Filter>Source Files\zlib</Filter>
    </ClInclude>
    <ClInclude Include="zlib\zconf.h">
      <Filter>Source Files\zlib</Filter>
    </ClInclude>
    <ClInclude Include="zlib\zconf.in.h">
      <Filter>Source Files\zlib</Filter>
    </ClInclude>
    <ClInclude Include="zlib\zip.h">
      <Filter>Source Files\zlib</Filter>
    </ClInclude>
    <ClInclude Include="zlib\zlib.h">
      <Filter>Source Files\zlib</Filter>
    </ClInclude>
    <ClInclude Include="zlib\zutil.h">
      <Filter>Source Files\zlib</Filter>
    </ClInclude>
    <ClInclude Include="VersionSnoop.h">
      <Filter>Header Files</Filter>
    </ClInclude>
    <ClInclude Include="resource.h">
      <Filter>Header Files</Filter>
    </ClInclude>
    <ClInclude Include="MultiPointer.h">
      <Filter>Header Files</Filter>
    </ClInclude>
    <ClInclude Include="Lib\BaseTypes.h">
      <Filter>Header Files\Lib</Filter>
    </ClInclude>
    <ClInclude Include="Lib\Callback.h">
      <Filter>Header Files\Lib</Filter>
    </ClInclude>
    <ClInclude Include="Lib\Comparisons.h">
      <Filter>Header Files\Lib</Filter>
    </ClInclude>
    <ClInclude Include="Lib\HashTable.h">
      <Filter>Header Files\Lib</Filter>
    </ClInclude>
    <ClInclude Include="Lib\Hash.h">
      <Filter>Header Files\Lib</Filter>
    </ClInclude>
    <ClInclude Include="Lib\List.h">
      <Filter>Header Files\Lib</Filter>
    </ClInclude>
    <ClInclude Include="Lib\Patch.h">
      <Filter>Header Files\Lib</Filter>
    </ClInclude>
    <ClInclude Include="Lib\Sort.h">
      <Filter>Header Files\Lib</Filter>
    </ClInclude>
    <ClInclude Include="Lib\StringConversions.h">
      <Filter>Header Files\Lib</Filter>
    </ClInclude>
    <ClInclude Include="Lib\Strings.h">
      <Filter>Header Files\Lib</Filter>
    </ClInclude>
    <ClInclude Include="Console.h">
      <Filter>Header Files</Filter>
    </ClInclude>
    <ClInclude Include="Fear.h">
      <Filter>Header Files</Filter>
    </ClInclude>
    <ClInclude Include="Font.h">
      <Filter>Header Files</Filter>
    </ClInclude>
    <ClInclude Include="FileSystem.h">
      <Filter>Header Files</Filter>
    </ClInclude>
    <ClInclude Include="FontManager.h">
      <Filter>Header Files</Filter>
    </ClInclude>
    <ClInclude Include="GLOpcodes.h">
      <Filter>Header Files</Filter>
    </ClInclude>
    <ClInclude Include="Memstar.h">
      <Filter>Header Files</Filter>
    </ClInclude>
    <ClInclude Include="OpenGL.h">
      <Filter>Header Files</Filter>
    </ClInclude>
    <ClInclude Include="Originals.h">
      <Filter>Header Files</Filter>
    </ClInclude>
    <ClInclude Include="Replacer.h">
      <Filter>Header Files</Filter>
    </ClInclude>
    <ClInclude Include="ScriptGL.h">
      <Filter>Header Files</Filter>
    </ClInclude>
    <ClInclude Include="Terrain.h">
      <Filter>Header Files</Filter>
    </ClInclude>
    <ClInclude Include="Texture.h">
      <Filter>Header Files</Filter>
    </ClInclude>
    <ClInclude Include="version.h">
      <Filter>Header Files</Filter>
    </ClInclude>
    <ClInclude Include="OpenGL_Pointers.h">
      <Filter>Header Files</Filter>
    </ClInclude>
    <ClInclude Include="SHA.h">
      <Filter>Header Files</Filter>
    </ClInclude>
    <ClInclude Include="conversionFunctions.h">
      <Filter>Header Files</Filter>
    </ClInclude>
    <ClInclude Include="dirent.h">
      <Filter>Header Files</Filter>
    </ClInclude>
  </ItemGroup>
  <ItemGroup>
    <ResourceCompile Include="Resource.rc">
      <Filter>Resource Files</Filter>
    </ResourceCompile>
  </ItemGroup>
  <ItemGroup>
    <None Include="NOVA_CLIENT_PACKER\actionTable.cs" />
    <None Include="NOVA_CLIENT_PACKER\campaignFaceSelectFrame.object" />
    <None Include="NOVA_CLIENT_PACKER\chat.dlg">
      <Filter>Resource Files</Filter>
    </None>
    <None Include="NOVA_CLIENT_PACKER\console.cs" />
    <None Include="NOVA_CLIENT_PACKER\console.pft" />
    <None Include="NOVA_CLIENT_PACKER\console_old.cs" />
    <None Include="NOVA_CLIENT_PACKER\console_refactored.cs" />
    <None Include="NOVA_CLIENT_PACKER\dataProgressBar.object" />
    <None Include="NOVA_CLIENT_PACKER\editor.cs" />
    <None Include="NOVA_CLIENT_PACKER\editor.gui" />
    <None Include="NOVA_CLIENT_PACKER\Exit.dlg">
      <Filter>Resource Files</Filter>
    </None>
    <None Include="NOVA_CLIENT_PACKER\extract.exe" />
    <None Include="NOVA_CLIENT_PACKER\forceexit.dlg">
      <Filter>Resource Files</Filter>
    </None>
    <None Include="NOVA_CLIENT_PACKER\ForceExitFail.dlg">
      <Filter>Resource Files</Filter>
    </None>
    <None Include="NOVA_CLIENT_PACKER\hud_hi2x.pft" />
    <None Include="NOVA_CLIENT_PACKER\hud_hi3x.pft" />
    <None Include="NOVA_CLIENT_PACKER\hud_hi4x.pft" />
    <None Include="NOVA_CLIENT_PACKER\hud_high_blue_2x.pft" />
    <None Include="NOVA_CLIENT_PACKER\hud_high_blue_3x.pft" />
    <None Include="NOVA_CLIENT_PACKER\hud_high_blue_4x.pft" />
    <None Include="NOVA_CLIENT_PACKER\hud_high_dim_2x.pft" />
    <None Include="NOVA_CLIENT_PACKER\hud_high_dim_3x.pft" />
    <None Include="NOVA_CLIENT_PACKER\hud_high_dim_4x.pft" />
    <None Include="NOVA_CLIENT_PACKER\hud_high_gray_2x.pft" />
    <None Include="NOVA_CLIENT_PACKER\hud_high_gray_3x.pft" />
    <None Include="NOVA_CLIENT_PACKER\hud_high_gray_4x.pft" />
    <None Include="NOVA_CLIENT_PACKER\hud_high_i_2x.pft" />
    <None Include="NOVA_CLIENT_PACKER\hud_high_i_3x.pft" />
    <None Include="NOVA_CLIENT_PACKER\hud_high_i_4x.pft" />
    <None Include="NOVA_CLIENT_PACKER\hud_high_purple_2x.pft" />
    <None Include="NOVA_CLIENT_PACKER\hud_high_purple_3x.pft" />
    <None Include="NOVA_CLIENT_PACKER\hud_high_purple_4x.pft" />
    <None Include="NOVA_CLIENT_PACKER\hud_high_red_2x.pft" />
    <None Include="NOVA_CLIENT_PACKER\hud_high_red_3x.pft" />
    <None Include="NOVA_CLIENT_PACKER\hud_high_red_4x.pft" />
    <None Include="NOVA_CLIENT_PACKER\hud_high_yellow_2x.pft" />
    <None Include="NOVA_CLIENT_PACKER\hud_high_yellow_3x.pft" />
    <None Include="NOVA_CLIENT_PACKER\hud_high_yellow_4x.pft" />
    <None Include="NOVA_CLIENT_PACKER\label_footer.object" />
    <None Include="NOVA_CLIENT_PACKER\loadingGUICenter.object" />
    <None Include="NOVA_CLIENT_PACKER\ml_batch_button.object" />
    <None Include="NOVA_CLIENT_PACKER\ml_bmp_selected.object" />
    <None Include="NOVA_CLIENT_PACKER\ml_bmp_selected_SIM.object" />
    <None Include="NOVA_CLIENT_PACKER\ml_bmp_unselected.object" />
    <None Include="NOVA_CLIENT_PACKER\ml_bmp_unselected_SIM.object" />
    <None Include="NOVA_CLIENT_PACKER\ml_green_dot.object" />
    <None Include="NOVA_CLIENT_PACKER\ml_gui_overlay.object" />
    <None Include="NOVA_CLIENT_PACKER\ml_mod_btn_background.object" />
    <None Include="NOVA_CLIENT_PACKER\ml_mod_btn_selected.object" />
    <None Include="NOVA_CLIENT_PACKER\ml_mod_btn_unselected.object" />
    <None Include="NOVA_CLIENT_PACKER\ml_mod_buttonBackground.object" />
    <None Include="NOVA_CLIENT_PACKER\ml_mod_disabled.object" />
    <None Include="NOVA_CLIENT_PACKER\ml_mod_dsc.object" />
    <None Include="NOVA_CLIENT_PACKER\ml_mod_enabled.object" />
    <None Include="NOVA_CLIENT_PACKER\ml_mod_selected.object" />
    <None Include="NOVA_CLIENT_PACKER\ml_mod_text_disabled.object" />
    <None Include="NOVA_CLIENT_PACKER\ml_mod_text_enabled.object" />
    <None Include="NOVA_CLIENT_PACKER\ml_mod_text_mod.object" />
    <None Include="NOVA_CLIENT_PACKER\ml_mod_text_ver.object" />
    <None Include="NOVA_CLIENT_PACKER\ml_mod_text_version.object" />
    <None Include="NOVA_CLIENT_PACKER\ml_mod_txt_disabled.object" />
    <None Include="NOVA_CLIENT_PACKER\ml_mod_txt_enabled.object" />
    <None Include="NOVA_CLIENT_PACKER\ml_mod_txt_version.object" />
    <None Include="NOVA_CLIENT_PACKER\ml_red_dot.object" />
    <None Include="NOVA_CLIENT_PACKER\modloader_btn_add.pba" />
    <None Include="NOVA_CLIENT_PACKER\modloader_btn_browse.pba" />
    <None Include="NOVA_CLIENT_PACKER\modloader_btn_remove.pba" />
    <None Include="NOVA_CLIENT_PACKER\modloader_OI.object" />
    <None Include="NOVA_CLIENT_PACKER\modloaderInitERR.gui" />
    <None Include="NOVA_CLIENT_PACKER\Nova.vol" />
    <None Include="NOVA_CLIENT_PACKER\Nova_Config.cs" />
    <None Include="NOVA_CLIENT_PACKER\Nova_Core.cs" />
    <None Include="NOVA_CLIENT_PACKER\Nova_Databases.cs" />
    <None Include="NOVA_CLIENT_PACKER\Nova_Databases_OLD.cs" />
    <None Include="NOVA_CLIENT_PACKER\Nova_datLoad.cs" />
    <None Include="NOVA_CLIENT_PACKER\Nova_datVehicle.cs" />
    <None Include="NOVA_CLIENT_PACKER\Nova_IRC.cs" />
    <None Include="NOVA_CLIENT_PACKER\Nova_Lib.cs" />
    <None Include="NOVA_CLIENT_PACKER\Nova_LibExt.cs" />
    <None Include="NOVA_CLIENT_PACKER\Nova_move.cs" />
    <None Include="NOVA_CLIENT_PACKER\Nova_NetLib.cs" />
    <None Include="NOVA_CLIENT_PACKER\Nova_NetLib_OLD.cs" />
    <None Include="NOVA_CLIENT_PACKER\Nova_nocd.cs" />
    <None Include="NOVA_CLIENT_PACKER\Nova_OpenGL.cs" />
    <None Include="NOVA_CLIENT_PACKER\Nova_OverridesLib.cs" />
    <None Include="NOVA_CLIENT_PACKER\Nova_PlayerSkins.cs" />
    <None Include="NOVA_CLIENT_PACKER\Nova_Server.cs" />
    <None Include="NOVA_CLIENT_PACKER\Nova_start.cs" />
    <None Include="NOVA_CLIENT_PACKER\Nova_strings.cs" />
    <None Include="NOVA_CLIENT_PACKER\NovaLoading.gui" />
    <None Include="NOVA_CLIENT_PACKER\NovaUI.dlg">
      <Filter>Resource Files</Filter>
    </None>
    <None Include="NOVA_CLIENT_PACKER\NovaUI_Notify_Text.object" />
    <None Include="NOVA_CLIENT_PACKER\NovaUI_smallText.object" />
    <None Include="NOVA_CLIENT_PACKER\pack_Nova.bat">
      <Filter>Source Files</Filter>
    </None>
    <None Include="NOVA_CLIENT_PACKER\pause.dlg">
      <Filter>Resource Files</Filter>
    </None>
    <None Include="NOVA_CLIENT_PACKER\radar_high2x.pba" />
    <None Include="NOVA_CLIENT_PACKER\radar_high3x.pba" />
    <None Include="NOVA_CLIENT_PACKER\radar_high4x.pba" />
    <None Include="NOVA_CLIENT_PACKER\RenderContext" />
    <None Include="NOVA_CLIENT_PACKER\RenderContext.r" />
    <None Include="NOVA_CLIENT_PACKER\repath.cs" />
    <None Include="NOVA_CLIENT_PACKER\reset_server_cache.object" />
    <None Include="NOVA_CLIENT_PACKER\reticle_null.pba" />
    <None Include="NOVA_CLIENT_PACKER\SimPrefs.dlg">
      <Filter>Resource Files</Filter>
    </None>
    <None Include="NOVA_CLIENT_PACKER\sound.cs" />
    <None Include="NOVA_CLIENT_PACKER\SP_BAR.object" />
    <None Include="NOVA_CLIENT_PACKER\sp_bar_bottom.pba" />
    <None Include="NOVA_CLIENT_PACKER\sp_bar_top.pba" />
    <None Include="NOVA_CLIENT_PACKER\squadactions.cs" />
    <None Include="NOVA_CLIENT_PACKER\theTeam.gui" />
    <None Include="NOVA_CLIENT_PACKER\TrigonometryStdLib.cs" />
    <None Include="NOVA_CLIENT_PACKER\UpscalerProfileConfig.dlg">
      <Filter>Resource Files</Filter>
    </None>
    <None Include="NOVA_CLIENT_PACKER\VehDepotAUTO.gui" />
    <None Include="NOVA_CLIENT_PACKER\VehLabAUTO.gui" />
    <None Include="NOVA_CLIENT_PACKER\VehlabGUI_ComponentInfo_Clipping_Fix.object" />
    <None Include="NOVA_CLIENT_PACKER\versionText.object" />
    <None Include="NOVA_CLIENT_PACKER\vt.exe" />
    <None Include="NOVA_CLIENT_PACKER\vtList.exe" />
  </ItemGroup>
  <ItemGroup>
    <Image Include="NOVA_CLIENT_PACKER\COMPAT_adv_train.bmp">
      <Filter>Resource Files</Filter>
    </Image>
    <Image Include="NOVA_CLIENT_PACKER\COMPAT_herc_train.bmp">
      <Filter>Resource Files</Filter>
    </Image>
    <Image Include="NOVA_CLIENT_PACKER\COMPAT_squad_train.bmp">
      <Filter>Resource Files</Filter>
    </Image>
    <Image Include="NOVA_CLIENT_PACKER\COMPAT_target_train.bmp">
      <Filter>Resource Files</Filter>
    </Image>
    <Image Include="NOVA_CLIENT_PACKER\COMPAT_weapons_train.bmp">
      <Filter>Resource Files</Filter>
    </Image>
    <Image Include="NOVA_CLIENT_PACKER\cs_popup.bmp">
      <Filter>Resource Files</Filter>
    </Image>
    <Image Include="NOVA_CLIENT_PACKER\cs_popupwide.bmp">
      <Filter>Resource Files</Filter>
    </Image>
    <Image Include="NOVA_CLIENT_PACKER\hs_popup.bmp">
      <Filter>Resource Files</Filter>
    </Image>
    <Image Include="NOVA_CLIENT_PACKER\hs_popupwide.bmp">
      <Filter>Resource Files</Filter>
    </Image>
    <Image Include="NOVA_CLIENT_PACKER\hud_circle_f2x.bmp">
      <Filter>Resource Files</Filter>
    </Image>
    <Image Include="NOVA_CLIENT_PACKER\hud_circle_f3x.bmp">
      <Filter>Resource Files</Filter>
    </Image>
    <Image Include="NOVA_CLIENT_PACKER\hud_circle_f4x.bmp">
      <Filter>Resource Files</Filter>
    </Image>
    <Image Include="NOVA_CLIENT_PACKER\hud_circle_o2x.bmp">
      <Filter>Resource Files</Filter>
    </Image>
    <Image Include="NOVA_CLIENT_PACKER\hud_circle_o3x.bmp">
      <Filter>Resource Files</Filter>
    </Image>
    <Image Include="NOVA_CLIENT_PACKER\hud_circle_o4x.bmp">
      <Filter>Resource Files</Filter>
    </Image>
    <Image Include="NOVA_CLIENT_PACKER\logoWide.bmp">
      <Filter>Resource Files</Filter>
    </Image>
    <Image Include="NOVA_CLIENT_PACKER\mars.tunl.bmp">
      <Filter>Resource Files</Filter>
    </Image>
    <Image Include="NOVA_CLIENT_PACKER\mars.tunl2.bmp">
      <Filter>Resource Files</Filter>
    </Image>
    <Image Include="NOVA_CLIENT_PACKER\ml_mod_selected.bmp">
      <Filter>Resource Files</Filter>
    </Image>
    <Image Include="NOVA_CLIENT_PACKER\ml_mod_unselected.bmp">
      <Filter>Resource Files</Filter>
    </Image>
    <Image Include="NOVA_CLIENT_PACKER\modloaderUIBackground.bmp">
      <Filter>Resource Files</Filter>
    </Image>
    <Image Include="NOVA_CLIENT_PACKER\Nova_logo.bmp">
      <Filter>Resource Files</Filter>
    </Image>
    <Image Include="NOVA_CLIENT_PACKER\shields_solid2x.bmp">
      <Filter>Resource Files</Filter>
    </Image>
    <Image Include="NOVA_CLIENT_PACKER\shields_solid3x.bmp">
      <Filter>Resource Files</Filter>
    </Image>
    <Image Include="NOVA_CLIENT_PACKER\shields_solid4x.bmp">
      <Filter>Resource Files</Filter>
    </Image>
    <Image Include="NOVA_CLIENT_PACKER\shields2x.bmp">
      <Filter>Resource Files</Filter>
    </Image>
    <Image Include="NOVA_CLIENT_PACKER\shields3x.bmp">
      <Filter>Resource Files</Filter>
    </Image>
    <Image Include="NOVA_CLIENT_PACKER\shields4x.bmp">
      <Filter>Resource Files</Filter>
    </Image>
    <Image Include="NOVA_CLIENT_PACKER\sp_bar.bmp">
      <Filter>Resource Files</Filter>
    </Image>
    <Image Include="NOVA_CLIENT_PACKER\sp_popup.bmp">
      <Filter>Resource Files</Filter>
    </Image>
    <Image Include="NOVA_CLIENT_PACKER\sp_popupwide1.bmp">
      <Filter>Resource Files</Filter>
    </Image>
    <Image Include="NOVA_CLIENT_PACKER\sp_popupwide2.bmp">
      <Filter>Resource Files</Filter>
    </Image>
    <Image Include="NOVA_CLIENT_PACKER\strCircle2x.bmp">
      <Filter>Resource Files</Filter>
    </Image>
    <Image Include="NOVA_CLIENT_PACKER\strcircle3x.bmp">
      <Filter>Resource Files</Filter>
    </Image>
    <Image Include="NOVA_CLIENT_PACKER\strcircle4x.bmp">
      <Filter>Resource Files</Filter>
    </Image>
    <Image Include="NOVA_CLIENT_PACKER\teampic1.bmp">
      <Filter>Resource Files</Filter>
    </Image>
    <Image Include="NOVA_CLIENT_PACKER\teampic2.bmp">
      <Filter>Resource Files</Filter>
    </Image>
    <Image Include="NOVA_CLIENT_PACKER\teampic3.bmp">
      <Filter>Resource Files</Filter>
    </Image>
    <Image Include="NOVA_CLIENT_PACKER\teampic4.bmp">
      <Filter>Resource Files</Filter>
    </Image>
    <Image Include="NOVA_CLIENT_PACKER\teampic5.bmp">
      <Filter>Resource Files</Filter>
    </Image>
    <Image Include="NOVA_CLIENT_PACKER\teampic6.bmp">
      <Filter>Resource Files</Filter>
    </Image>
    <Image Include="NOVA_CLIENT_PACKER\teampic7.bmp">
      <Filter>Resource Files</Filter>
    </Image>
    <Image Include="NOVA_CLIENT_PACKER\theteam.bmp">
      <Filter>Resource Files</Filter>
    </Image>
  </ItemGroup>
  <ItemGroup>
    <Text Include="NOVA_CLIENT_PACKER\licenses.txt" />
  </ItemGroup>
  <ItemGroup>
    <Media Include="NOVA_CLIENT_PACKER\nova_button.wav">
      <Filter>Resource Files</Filter>
    </Media>
  </ItemGroup>
</Project>